
Microsoft Visual Studio Solution File, Format Version 12.00
# Visual Studio 15
VisualStudioVersion = 15.0.26430.12
MinimumVisualStudioVersion = 10.0.40219.1
Project("{FAE04EC0-301F-11D3-BF4B-00C04F79EFBC}") = "p01_HelloName", "p01_HelloName\p01_HelloName.csproj", "{6E7D1A2C-DAC0-44A2-8DB3-6057CD7B20BE}"
EndProject
Project("{FAE04EC0-301F-11D3-BF4B-00C04F79EFBC}") = "p02_MinMethod", "p02_MinMethod\p02_MinMethod.csproj", "{A2BDD2FB-F67D-4BD4-BBDB-D038D2E57BEA}"
EndProject
Project("{FAE04EC0-301F-11D3-BF4B-00C04F79EFBC}") = "p03_StringRepeater", "p03_StringRepeater\p03_StringRepeater.csproj", "{DE6D1917-6A2C-4B2B-84F4-1384CBE183EE}"
EndProject
Project("{FAE04EC0-301F-11D3-BF4B-00C04F79EFBC}") = "p04_NthDigit", "p04_NthDigit\p04_NthDigit.csproj", "{328BAFCA-B24B-4A59-8E8A-4989296FA673}"
EndProject
Project("{FAE04EC0-301F-11D3-BF4B-00C04F79EFBC}") = "p05_IntegerToBase", "p05_IntegerToBase\p05_IntegerToBase.csproj", "{DCA96D76-8170-44A9-865D-95FF97AE89AC}"
EndProject
Project("{FAE04EC0-301F-11D3-BF4B-00C04F79EFBC}") = "p06_Notifications", "p06_Notifications\p06_Notifications.csproj", "{967B4DFC-1D9D-4590-B31A-4F80C5ED20A1}"
EndProject
Project("{FAE04EC0-301F-11D3-BF4B-00C04F79EFBC}") = "p07_NumbersToWords", "p07_NumbersToWords\p07_NumbersToWords.csproj", "{1FEC4BE9-0B17-4DCE-9A1F-ACB6CB35BCA0}"
EndProject
Project("{FAE04EC0-301F-11D3-BF4B-00C04F79EFBC}") = "NumToWords", "NumToWords\NumToWords.csproj", "{EDF38BE4-D86F-4072-8105-002F7965E9CB}"
EndProject
Project("{FAE04EC0-301F-11D3-BF4B-00C04F79EFBC}") = "p08_StringEncryption", "p08_StringEncryption\p08_StringEncryption.csproj", "{5576C675-4A84-4034-B0E1-3AB197159035}"
EndProject
Project("{FAE04EC0-301F-11D3-BF4B-00C04F79EFBC}") = "p09_LargestElementInArray", "p09_LargestElementInArray\p09_LargestElementInArray.csproj", "{E695C403-E25F-4AC2-835D-6D73B1105DCE}"
EndProject
Project("{FAE04EC0-301F-11D3-BF4B-00C04F79EFBC}") = "p10_CountOfNegativeElementsInArray", "p10_CountOfNegativeElementsInArray\p10_CountOfNegativeElementsInArray.csproj", "{E6C058EE-F4DB-4A4F-89C9-796D0B79B699}"
EndProject
Project("{FAE04EC0-301F-11D3-BF4B-00C04F79EFBC}") = "p11_CountOfGivenElementInArray", "p11_CountOfGivenElementInArray\p11_CountOfGivenElementInArray.csproj", "{8B4829C2-E3F8-410E-B175-B3B2AC800E06}"
EndProject
Project("{FAE04EC0-301F-11D3-BF4B-00C04F79EFBC}") = "p12_CountOccurrencesOfLargerNumbersInArray", "p12_CountOccurrencesOfLargerNumbersInArray\p12_CountOccurrencesOfLargerNumbersInArray.csproj", "{8ED5C8AC-7494-44B0-BDFD-DB193C9E1370}"
EndProject
Project("{FAE04EC0-301F-11D3-BF4B-00C04F79EFBC}") = "p13_IncreasingSequenceOfElements", "p13_IncreasingSequenceOfElements\p13_IncreasingSequenceOfElements.csproj", "{52478B62-9617-4014-BA35-39844E3AF99B}"
EndProject
Project("{FAE04EC0-301F-11D3-BF4B-00C04F79EFBC}") = "p14_EqualSequenceOfElementsInArray", "p14_EqualSequenceOfElementsInArray\p14_EqualSequenceOfElementsInArray.csproj", "{924BDE17-E174-4817-954D-0EA87861F465}"
EndProject
Project("{FAE04EC0-301F-11D3-BF4B-00C04F79EFBC}") = "p15_CountOfCapitalLettersInArray", "p15_CountOfCapitalLettersInArray\p15_CountOfCapitalLettersInArray.csproj", "{3BD526DC-C812-4A98-93F1-BC0E4CA53C8A}"
EndProject
Project("{FAE04EC0-301F-11D3-BF4B-00C04F79EFBC}") = "p16_ArraySymmetry", "p16_ArraySymmetry\p16_ArraySymmetry.csproj", "{65F7A22F-307B-47D4-9656-275E2D03A3A9}"
EndProject
Project("{FAE04EC0-301F-11D3-BF4B-00C04F79EFBC}") = "p17_Altitude", "p17_Altitude\p17_Altitude.csproj", "{78714457-6819-4D0C-8EA1-27746E70B904}"
EndProject
Project("{FAE04EC0-301F-11D3-BF4B-00C04F79EFBC}") = "p18_BallisticsTraining", "p18_BallisticsTraining\p18_BallisticsTraining.csproj", "{736329F0-5868-4C59-AE77-42FD86606CFD}"
EndProject
Project("{FAE04EC0-301F-11D3-BF4B-00C04F79EFBC}") = "p19_TrickyStrings", "p19_TrickyStrings\p19_TrickyStrings.csproj", "{A27A8D44-B3E5-41CA-BDED-6A407E12DE12}"
EndProject
Project("{FAE04EC0-301F-11D3-BF4B-00C04F79EFBC}") = "p20_TriangleFormations", "p20_TriangleFormations\p20_TriangleFormations.csproj", "{AA8609C5-9B14-4A54-8251-F7B0DDC1AFF8}"
EndProject
Project("{FAE04EC0-301F-11D3-BF4B-00C04F79EFBC}") = "p21_Tetris", "p21_Tetris\p21_Tetris.csproj", "{65BD4BD1-42F1-483E-AB0F-BC8E807270B0}"
EndProject
Project("{FAE04EC0-301F-11D3-BF4B-00C04F79EFBC}") = "p22_MiningCoins", "p22_MiningCoins\p22_MiningCoins.csproj", "{12E99F25-E5FD-4031-9383-1C95930D2ADE}"
EndProject
Global
	GlobalSection(SolutionConfigurationPlatforms) = preSolution
		Debug|Any CPU = Debug|Any CPU
		Release|Any CPU = Release|Any CPU
	EndGlobalSection
	GlobalSection(ProjectConfigurationPlatforms) = postSolution
		{6E7D1A2C-DAC0-44A2-8DB3-6057CD7B20BE}.Debug|Any CPU.ActiveCfg = Debug|Any CPU
		{6E7D1A2C-DAC0-44A2-8DB3-6057CD7B20BE}.Debug|Any CPU.Build.0 = Debug|Any CPU
		{6E7D1A2C-DAC0-44A2-8DB3-6057CD7B20BE}.Release|Any CPU.ActiveCfg = Release|Any CPU
		{6E7D1A2C-DAC0-44A2-8DB3-6057CD7B20BE}.Release|Any CPU.Build.0 = Release|Any CPU
		{A2BDD2FB-F67D-4BD4-BBDB-D038D2E57BEA}.Debug|Any CPU.ActiveCfg = Debug|Any CPU
		{A2BDD2FB-F67D-4BD4-BBDB-D038D2E57BEA}.Debug|Any CPU.Build.0 = Debug|Any CPU
		{A2BDD2FB-F67D-4BD4-BBDB-D038D2E57BEA}.Release|Any CPU.ActiveCfg = Release|Any CPU
		{A2BDD2FB-F67D-4BD4-BBDB-D038D2E57BEA}.Release|Any CPU.Build.0 = Release|Any CPU
		{DE6D1917-6A2C-4B2B-84F4-1384CBE183EE}.Debug|Any CPU.ActiveCfg = Debug|Any CPU
		{DE6D1917-6A2C-4B2B-84F4-1384CBE183EE}.Debug|Any CPU.Build.0 = Debug|Any CPU
		{DE6D1917-6A2C-4B2B-84F4-1384CBE183EE}.Release|Any CPU.ActiveCfg = Release|Any CPU
		{DE6D1917-6A2C-4B2B-84F4-1384CBE183EE}.Release|Any CPU.Build.0 = Release|Any CPU
		{328BAFCA-B24B-4A59-8E8A-4989296FA673}.Debug|Any CPU.ActiveCfg = Debug|Any CPU
		{328BAFCA-B24B-4A59-8E8A-4989296FA673}.Debug|Any CPU.Build.0 = Debug|Any CPU
		{328BAFCA-B24B-4A59-8E8A-4989296FA673}.Release|Any CPU.ActiveCfg = Release|Any CPU
		{328BAFCA-B24B-4A59-8E8A-4989296FA673}.Release|Any CPU.Build.0 = Release|Any CPU
		{DCA96D76-8170-44A9-865D-95FF97AE89AC}.Debug|Any CPU.ActiveCfg = Debug|Any CPU
		{DCA96D76-8170-44A9-865D-95FF97AE89AC}.Debug|Any CPU.Build.0 = Debug|Any CPU
		{DCA96D76-8170-44A9-865D-95FF97AE89AC}.Release|Any CPU.ActiveCfg = Release|Any CPU
		{DCA96D76-8170-44A9-865D-95FF97AE89AC}.Release|Any CPU.Build.0 = Release|Any CPU
		{967B4DFC-1D9D-4590-B31A-4F80C5ED20A1}.Debug|Any CPU.ActiveCfg = Debug|Any CPU
		{967B4DFC-1D9D-4590-B31A-4F80C5ED20A1}.Debug|Any CPU.Build.0 = Debug|Any CPU
		{967B4DFC-1D9D-4590-B31A-4F80C5ED20A1}.Release|Any CPU.ActiveCfg = Release|Any CPU
		{967B4DFC-1D9D-4590-B31A-4F80C5ED20A1}.Release|Any CPU.Build.0 = Release|Any CPU
		{1FEC4BE9-0B17-4DCE-9A1F-ACB6CB35BCA0}.Debug|Any CPU.ActiveCfg = Debug|Any CPU
		{1FEC4BE9-0B17-4DCE-9A1F-ACB6CB35BCA0}.Debug|Any CPU.Build.0 = Debug|Any CPU
		{1FEC4BE9-0B17-4DCE-9A1F-ACB6CB35BCA0}.Release|Any CPU.ActiveCfg = Release|Any CPU
		{1FEC4BE9-0B17-4DCE-9A1F-ACB6CB35BCA0}.Release|Any CPU.Build.0 = Release|Any CPU
		{EDF38BE4-D86F-4072-8105-002F7965E9CB}.Debug|Any CPU.ActiveCfg = Debug|Any CPU
		{EDF38BE4-D86F-4072-8105-002F7965E9CB}.Debug|Any CPU.Build.0 = Debug|Any CPU
		{EDF38BE4-D86F-4072-8105-002F7965E9CB}.Release|Any CPU.ActiveCfg = Release|Any CPU
		{EDF38BE4-D86F-4072-8105-002F7965E9CB}.Release|Any CPU.Build.0 = Release|Any CPU
		{5576C675-4A84-4034-B0E1-3AB197159035}.Debug|Any CPU.ActiveCfg = Debug|Any CPU
		{5576C675-4A84-4034-B0E1-3AB197159035}.Debug|Any CPU.Build.0 = Debug|Any CPU
		{5576C675-4A84-4034-B0E1-3AB197159035}.Release|Any CPU.ActiveCfg = Release|Any CPU
		{5576C675-4A84-4034-B0E1-3AB197159035}.Release|Any CPU.Build.0 = Release|Any CPU
		{E695C403-E25F-4AC2-835D-6D73B1105DCE}.Debug|Any CPU.ActiveCfg = Debug|Any CPU
		{E695C403-E25F-4AC2-835D-6D73B1105DCE}.Debug|Any CPU.Build.0 = Debug|Any CPU
		{E695C403-E25F-4AC2-835D-6D73B1105DCE}.Release|Any CPU.ActiveCfg = Release|Any CPU
		{E695C403-E25F-4AC2-835D-6D73B1105DCE}.Release|Any CPU.Build.0 = Release|Any CPU
		{E6C058EE-F4DB-4A4F-89C9-796D0B79B699}.Debug|Any CPU.ActiveCfg = Debug|Any CPU
		{E6C058EE-F4DB-4A4F-89C9-796D0B79B699}.Debug|Any CPU.Build.0 = Debug|Any CPU
		{E6C058EE-F4DB-4A4F-89C9-796D0B79B699}.Release|Any CPU.ActiveCfg = Release|Any CPU
		{E6C058EE-F4DB-4A4F-89C9-796D0B79B699}.Release|Any CPU.Build.0 = Release|Any CPU
		{8B4829C2-E3F8-410E-B175-B3B2AC800E06}.Debug|Any CPU.ActiveCfg = Debug|Any CPU
		{8B4829C2-E3F8-410E-B175-B3B2AC800E06}.Debug|Any CPU.Build.0 = Debug|Any CPU
		{8B4829C2-E3F8-410E-B175-B3B2AC800E06}.Release|Any CPU.ActiveCfg = Release|Any CPU
		{8B4829C2-E3F8-410E-B175-B3B2AC800E06}.Release|Any CPU.Build.0 = Release|Any CPU
		{8ED5C8AC-7494-44B0-BDFD-DB193C9E1370}.Debug|Any CPU.ActiveCfg = Debug|Any CPU
		{8ED5C8AC-7494-44B0-BDFD-DB193C9E1370}.Debug|Any CPU.Build.0 = Debug|Any CPU
		{8ED5C8AC-7494-44B0-BDFD-DB193C9E1370}.Release|Any CPU.ActiveCfg = Release|Any CPU
		{8ED5C8AC-7494-44B0-BDFD-DB193C9E1370}.Release|Any CPU.Build.0 = Release|Any CPU
		{52478B62-9617-4014-BA35-39844E3AF99B}.Debug|Any CPU.ActiveCfg = Debug|Any CPU
		{52478B62-9617-4014-BA35-39844E3AF99B}.Debug|Any CPU.Build.0 = Debug|Any CPU
		{52478B62-9617-4014-BA35-39844E3AF99B}.Release|Any CPU.ActiveCfg = Release|Any CPU
		{52478B62-9617-4014-BA35-39844E3AF99B}.Release|Any CPU.Build.0 = Release|Any CPU
		{924BDE17-E174-4817-954D-0EA87861F465}.Debug|Any CPU.ActiveCfg = Debug|Any CPU
		{924BDE17-E174-4817-954D-0EA87861F465}.Debug|Any CPU.Build.0 = Debug|Any CPU
		{924BDE17-E174-4817-954D-0EA87861F465}.Release|Any CPU.ActiveCfg = Release|Any CPU
		{924BDE17-E174-4817-954D-0EA87861F465}.Release|Any CPU.Build.0 = Release|Any CPU
		{3BD526DC-C812-4A98-93F1-BC0E4CA53C8A}.Debug|Any CPU.ActiveCfg = Debug|Any CPU
		{3BD526DC-C812-4A98-93F1-BC0E4CA53C8A}.Debug|Any CPU.Build.0 = Debug|Any CPU
		{3BD526DC-C812-4A98-93F1-BC0E4CA53C8A}.Release|Any CPU.ActiveCfg = Release|Any CPU
		{3BD526DC-C812-4A98-93F1-BC0E4CA53C8A}.Release|Any CPU.Build.0 = Release|Any CPU
		{65F7A22F-307B-47D4-9656-275E2D03A3A9}.Debug|Any CPU.ActiveCfg = Debug|Any CPU
		{65F7A22F-307B-47D4-9656-275E2D03A3A9}.Debug|Any CPU.Build.0 = Debug|Any CPU
		{65F7A22F-307B-47D4-9656-275E2D03A3A9}.Release|Any CPU.ActiveCfg = Release|Any CPU
		{65F7A22F-307B-47D4-9656-275E2D03A3A9}.Release|Any CPU.Build.0 = Release|Any CPU
		{78714457-6819-4D0C-8EA1-27746E70B904}.Debug|Any CPU.ActiveCfg = Debug|Any CPU
		{78714457-6819-4D0C-8EA1-27746E70B904}.Debug|Any CPU.Build.0 = Debug|Any CPU
		{78714457-6819-4D0C-8EA1-27746E70B904}.Release|Any CPU.ActiveCfg = Release|Any CPU
		{78714457-6819-4D0C-8EA1-27746E70B904}.Release|Any CPU.Build.0 = Release|Any CPU
		{736329F0-5868-4C59-AE77-42FD86606CFD}.Debug|Any CPU.ActiveCfg = Debug|Any CPU
		{736329F0-5868-4C59-AE77-42FD86606CFD}.Debug|Any CPU.Build.0 = Debug|Any CPU
		{736329F0-5868-4C59-AE77-42FD86606CFD}.Release|Any CPU.ActiveCfg = Release|Any CPU
		{736329F0-5868-4C59-AE77-42FD86606CFD}.Release|Any CPU.Build.0 = Release|Any CPU
		{A27A8D44-B3E5-41CA-BDED-6A407E12DE12}.Debug|Any CPU.ActiveCfg = Debug|Any CPU
		{A27A8D44-B3E5-41CA-BDED-6A407E12DE12}.Debug|Any CPU.Build.0 = Debug|Any CPU
		{A27A8D44-B3E5-41CA-BDED-6A407E12DE12}.Release|Any CPU.ActiveCfg = Release|Any CPU
		{A27A8D44-B3E5-41CA-BDED-6A407E12DE12}.Release|Any CPU.Build.0 = Release|Any CPU
		{AA8609C5-9B14-4A54-8251-F7B0DDC1AFF8}.Debug|Any CPU.ActiveCfg = Debug|Any CPU
		{AA8609C5-9B14-4A54-8251-F7B0DDC1AFF8}.Debug|Any CPU.Build.0 = Debug|Any CPU
		{AA8609C5-9B14-4A54-8251-F7B0DDC1AFF8}.Release|Any CPU.ActiveCfg = Release|Any CPU
		{AA8609C5-9B14-4A54-8251-F7B0DDC1AFF8}.Release|Any CPU.Build.0 = Release|Any CPU
		{65BD4BD1-42F1-483E-AB0F-BC8E807270B0}.Debug|Any CPU.ActiveCfg = Debug|Any CPU
		{65BD4BD1-42F1-483E-AB0F-BC8E807270B0}.Debug|Any CPU.Build.0 = Debug|Any CPU
		{65BD4BD1-42F1-483E-AB0F-BC8E807270B0}.Release|Any CPU.ActiveCfg = Release|Any CPU
		{65BD4BD1-42F1-483E-AB0F-BC8E807270B0}.Release|Any CPU.Build.0 = Release|Any CPU
		{12E99F25-E5FD-4031-9383-1C95930D2ADE}.Debug|Any CPU.ActiveCfg = Debug|Any CPU
		{12E99F25-E5FD-4031-9383-1C95930D2ADE}.Debug|Any CPU.Build.0 = Debug|Any CPU
		{12E99F25-E5FD-4031-9383-1C95930D2ADE}.Release|Any CPU.ActiveCfg = Release|Any CPU
		{12E99F25-E5FD-4031-9383-1C95930D2ADE}.Release|Any CPU.Build.0 = Release|Any CPU
	EndGlobalSection
	GlobalSection(SolutionProperties) = preSolution
		HideSolutionNode = FALSE
	EndGlobalSection
EndGlobal
