
Microsoft Visual Studio Solution File, Format Version 12.00
# Visual Studio 15
VisualStudioVersion = 15.0.26430.16
MinimumVisualStudioVersion = 10.0.40219.1
Project("{FAE04EC0-301F-11D3-BF4B-00C04F79EFBC}") = "p01_HornetWings", "p01_HornetWings\p01_HornetWings.csproj", "{0F0ECAA2-2A6C-4B5B-B197-99D374A64C1F}"
EndProject
Project("{FAE04EC0-301F-11D3-BF4B-00C04F79EFBC}") = "p02_HornetComm", "p02_HornetComm\p02_HornetComm.csproj", "{A352E92E-74D9-4146-8E8D-AC87D103C8CC}"
EndProject
Project("{FAE04EC0-301F-11D3-BF4B-00C04F79EFBC}") = "p03_HornetAssault", "p03_HornetAssault\p03_HornetAssault.csproj", "{1487D98F-83C9-4859-A522-9A3CC5192DE5}"
EndProject
Project("{FAE04EC0-301F-11D3-BF4B-00C04F79EFBC}") = "p04_HornetArmada", "p04_HornetArmada\p04_HornetArmada.csproj", "{495FFC5E-4F2F-4902-81B7-C4BE80D821BD}"
EndProject
Project("{FAE04EC0-301F-11D3-BF4B-00C04F79EFBC}") = "p00_HornetArmada", "p00_HornetArmada\p00_HornetArmada.csproj", "{AFF7BC67-358D-453A-8055-15A391247CD1}"
EndProject
Global
	GlobalSection(SolutionConfigurationPlatforms) = preSolution
		Debug|Any CPU = Debug|Any CPU
		Release|Any CPU = Release|Any CPU
	EndGlobalSection
	GlobalSection(ProjectConfigurationPlatforms) = postSolution
		{0F0ECAA2-2A6C-4B5B-B197-99D374A64C1F}.Debug|Any CPU.ActiveCfg = Debug|Any CPU
		{0F0ECAA2-2A6C-4B5B-B197-99D374A64C1F}.Debug|Any CPU.Build.0 = Debug|Any CPU
		{0F0ECAA2-2A6C-4B5B-B197-99D374A64C1F}.Release|Any CPU.ActiveCfg = Release|Any CPU
		{0F0ECAA2-2A6C-4B5B-B197-99D374A64C1F}.Release|Any CPU.Build.0 = Release|Any CPU
		{A352E92E-74D9-4146-8E8D-AC87D103C8CC}.Debug|Any CPU.ActiveCfg = Debug|Any CPU
		{A352E92E-74D9-4146-8E8D-AC87D103C8CC}.Debug|Any CPU.Build.0 = Debug|Any CPU
		{A352E92E-74D9-4146-8E8D-AC87D103C8CC}.Release|Any CPU.ActiveCfg = Release|Any CPU
		{A352E92E-74D9-4146-8E8D-AC87D103C8CC}.Release|Any CPU.Build.0 = Release|Any CPU
		{1487D98F-83C9-4859-A522-9A3CC5192DE5}.Debug|Any CPU.ActiveCfg = Debug|Any CPU
		{1487D98F-83C9-4859-A522-9A3CC5192DE5}.Debug|Any CPU.Build.0 = Debug|Any CPU
		{1487D98F-83C9-4859-A522-9A3CC5192DE5}.Release|Any CPU.ActiveCfg = Release|Any CPU
		{1487D98F-83C9-4859-A522-9A3CC5192DE5}.Release|Any CPU.Build.0 = Release|Any CPU
		{495FFC5E-4F2F-4902-81B7-C4BE80D821BD}.Debug|Any CPU.ActiveCfg = Debug|Any CPU
		{495FFC5E-4F2F-4902-81B7-C4BE80D821BD}.Debug|Any CPU.Build.0 = Debug|Any CPU
		{495FFC5E-4F2F-4902-81B7-C4BE80D821BD}.Release|Any CPU.ActiveCfg = Release|Any CPU
		{495FFC5E-4F2F-4902-81B7-C4BE80D821BD}.Release|Any CPU.Build.0 = Release|Any CPU
		{AFF7BC67-358D-453A-8055-15A391247CD1}.Debug|Any CPU.ActiveCfg = Debug|Any CPU
		{AFF7BC67-358D-453A-8055-15A391247CD1}.Debug|Any CPU.Build.0 = Debug|Any CPU
		{AFF7BC67-358D-453A-8055-15A391247CD1}.Release|Any CPU.ActiveCfg = Release|Any CPU
		{AFF7BC67-358D-453A-8055-15A391247CD1}.Release|Any CPU.Build.0 = Release|Any CPU
	EndGlobalSection
	GlobalSection(SolutionProperties) = preSolution
		HideSolutionNode = FALSE
	EndGlobalSection
EndGlobal
