
Microsoft Visual Studio Solution File, Format Version 12.00
# Visual Studio 15
VisualStudioVersion = 15.0.26430.16
MinimumVisualStudioVersion = 10.0.40219.1
Project("{FAE04EC0-301F-11D3-BF4B-00C04F79EFBC}") = "p01_Cards", "p01_Cards\p01_Cards.csproj", "{DE392143-BE87-4E9B-ADBD-829A0DF5FB36}"
EndProject
Project("{FAE04EC0-301F-11D3-BF4B-00C04F79EFBC}") = "p06_FishStatistics", "p02_FishStatistics\p06_FishStatistics.csproj", "{A001C94B-E275-49C6-A74C-3B1971BD60F9}"
EndProject
Project("{FAE04EC0-301F-11D3-BF4B-00C04F79EFBC}") = "p02_WordEncounter", "p03_WordEncounter\p02_WordEncounter.csproj", "{C9AF0261-3B90-4997-865B-ECE0FFFA3C0F}"
EndProject
Project("{FAE04EC0-301F-11D3-BF4B-00C04F79EFBC}") = "Demo_RegexGroupsToDic", "Demo_RegexGroupsToDic\Demo_RegexGroupsToDic.csproj", "{CC5D76F8-4E64-4A4D-8864-E04EB2FD4598}"
EndProject
Project("{FAE04EC0-301F-11D3-BF4B-00C04F79EFBC}") = "p03_BoomingCannon", "p03_BoomingCannon\p03_BoomingCannon.csproj", "{DEC73F91-D3CC-4EBE-A808-674E4E195FF3}"
EndProject
Project("{FAE04EC0-301F-11D3-BF4B-00C04F79EFBC}") = "p04_GroceryShop", "p04_GroceryShop\p04_GroceryShop.csproj", "{E3096DE7-045A-4464-8F24-4D1D3B099365}"
EndProject
Project("{FAE04EC0-301F-11D3-BF4B-00C04F79EFBC}") = "p05_SoftUniMessages", "p05_SoftUniMessages\p05_SoftUniMessages.csproj", "{22584491-B294-49C8-B8DA-1C2A1DF58482}"
EndProject
Global
	GlobalSection(SolutionConfigurationPlatforms) = preSolution
		Debug|Any CPU = Debug|Any CPU
		Release|Any CPU = Release|Any CPU
	EndGlobalSection
	GlobalSection(ProjectConfigurationPlatforms) = postSolution
		{DE392143-BE87-4E9B-ADBD-829A0DF5FB36}.Debug|Any CPU.ActiveCfg = Debug|Any CPU
		{DE392143-BE87-4E9B-ADBD-829A0DF5FB36}.Debug|Any CPU.Build.0 = Debug|Any CPU
		{DE392143-BE87-4E9B-ADBD-829A0DF5FB36}.Release|Any CPU.ActiveCfg = Release|Any CPU
		{DE392143-BE87-4E9B-ADBD-829A0DF5FB36}.Release|Any CPU.Build.0 = Release|Any CPU
		{A001C94B-E275-49C6-A74C-3B1971BD60F9}.Debug|Any CPU.ActiveCfg = Debug|Any CPU
		{A001C94B-E275-49C6-A74C-3B1971BD60F9}.Debug|Any CPU.Build.0 = Debug|Any CPU
		{A001C94B-E275-49C6-A74C-3B1971BD60F9}.Release|Any CPU.ActiveCfg = Release|Any CPU
		{A001C94B-E275-49C6-A74C-3B1971BD60F9}.Release|Any CPU.Build.0 = Release|Any CPU
		{C9AF0261-3B90-4997-865B-ECE0FFFA3C0F}.Debug|Any CPU.ActiveCfg = Debug|Any CPU
		{C9AF0261-3B90-4997-865B-ECE0FFFA3C0F}.Debug|Any CPU.Build.0 = Debug|Any CPU
		{C9AF0261-3B90-4997-865B-ECE0FFFA3C0F}.Release|Any CPU.ActiveCfg = Release|Any CPU
		{C9AF0261-3B90-4997-865B-ECE0FFFA3C0F}.Release|Any CPU.Build.0 = Release|Any CPU
		{CC5D76F8-4E64-4A4D-8864-E04EB2FD4598}.Debug|Any CPU.ActiveCfg = Debug|Any CPU
		{CC5D76F8-4E64-4A4D-8864-E04EB2FD4598}.Debug|Any CPU.Build.0 = Debug|Any CPU
		{CC5D76F8-4E64-4A4D-8864-E04EB2FD4598}.Release|Any CPU.ActiveCfg = Release|Any CPU
		{CC5D76F8-4E64-4A4D-8864-E04EB2FD4598}.Release|Any CPU.Build.0 = Release|Any CPU
		{DEC73F91-D3CC-4EBE-A808-674E4E195FF3}.Debug|Any CPU.ActiveCfg = Debug|Any CPU
		{DEC73F91-D3CC-4EBE-A808-674E4E195FF3}.Debug|Any CPU.Build.0 = Debug|Any CPU
		{DEC73F91-D3CC-4EBE-A808-674E4E195FF3}.Release|Any CPU.ActiveCfg = Release|Any CPU
		{DEC73F91-D3CC-4EBE-A808-674E4E195FF3}.Release|Any CPU.Build.0 = Release|Any CPU
		{E3096DE7-045A-4464-8F24-4D1D3B099365}.Debug|Any CPU.ActiveCfg = Debug|Any CPU
		{E3096DE7-045A-4464-8F24-4D1D3B099365}.Debug|Any CPU.Build.0 = Debug|Any CPU
		{E3096DE7-045A-4464-8F24-4D1D3B099365}.Release|Any CPU.ActiveCfg = Release|Any CPU
		{E3096DE7-045A-4464-8F24-4D1D3B099365}.Release|Any CPU.Build.0 = Release|Any CPU
		{22584491-B294-49C8-B8DA-1C2A1DF58482}.Debug|Any CPU.ActiveCfg = Debug|Any CPU
		{22584491-B294-49C8-B8DA-1C2A1DF58482}.Debug|Any CPU.Build.0 = Debug|Any CPU
		{22584491-B294-49C8-B8DA-1C2A1DF58482}.Release|Any CPU.ActiveCfg = Release|Any CPU
		{22584491-B294-49C8-B8DA-1C2A1DF58482}.Release|Any CPU.Build.0 = Release|Any CPU
	EndGlobalSection
	GlobalSection(SolutionProperties) = preSolution
		HideSolutionNode = FALSE
	EndGlobalSection
EndGlobal
