
Microsoft Visual Studio Solution File, Format Version 12.00
# Visual Studio 15
VisualStudioVersion = 15.0.26430.12
MinimumVisualStudioVersion = 10.0.40219.1
Project("{FAE04EC0-301F-11D3-BF4B-00C04F79EFBC}") = "p01_Exercises", "p01_Exercises\p01_Exercises.csproj", "{79A23391-FBF0-486B-91FF-9452BD1FECFC}"
EndProject
Project("{FAE04EC0-301F-11D3-BF4B-00C04F79EFBC}") = "p02_OptimizedBankingSystem", "p02_OptimizedBankingSystem\p02_OptimizedBankingSystem.csproj", "{9FC7DCA9-DF3D-450C-9D22-1DD2BEF90FE8}"
EndProject
Project("{FAE04EC0-301F-11D3-BF4B-00C04F79EFBC}") = "p03_Animals", "p03_Animals\p03_Animals.csproj", "{FAB0C9FB-1ADB-4680-9E10-DF22FBD2E262}"
EndProject
Project("{FAE04EC0-301F-11D3-BF4B-00C04F79EFBC}") = "testAnimal", "testAnimal\testAnimal.csproj", "{E89C2C5D-8D54-4CEB-B211-2DD967B8469D}"
EndProject
Project("{FAE04EC0-301F-11D3-BF4B-00C04F79EFBC}") = "p04_Websites", "p04_Websites\p04_Websites.csproj", "{FC88B93C-9351-4F69-98C5-830CAB79D55B}"
EndProject
Project("{FAE04EC0-301F-11D3-BF4B-00C04F79EFBC}") = "p05_Boxes", "p05_Boxes\p05_Boxes.csproj", "{A260972A-20E4-4A77-B2EC-58F6E4EA98E8}"
EndProject
Project("{FAE04EC0-301F-11D3-BF4B-00C04F79EFBC}") = "p06_Messages", "p06_Messages\p06_Messages.csproj", "{7F056ADF-5B69-4F78-BBF3-76977EC26761}"
EndProject
Project("{FAE04EC0-301F-11D3-BF4B-00C04F79EFBC}") = "testMessages", "testMessages\testMessages.csproj", "{E27A7896-C9A8-4B38-9C3B-4DDCE5D1AE0F}"
EndProject
Global
	GlobalSection(SolutionConfigurationPlatforms) = preSolution
		Debug|Any CPU = Debug|Any CPU
		Release|Any CPU = Release|Any CPU
	EndGlobalSection
	GlobalSection(ProjectConfigurationPlatforms) = postSolution
		{79A23391-FBF0-486B-91FF-9452BD1FECFC}.Debug|Any CPU.ActiveCfg = Debug|Any CPU
		{79A23391-FBF0-486B-91FF-9452BD1FECFC}.Debug|Any CPU.Build.0 = Debug|Any CPU
		{79A23391-FBF0-486B-91FF-9452BD1FECFC}.Release|Any CPU.ActiveCfg = Release|Any CPU
		{79A23391-FBF0-486B-91FF-9452BD1FECFC}.Release|Any CPU.Build.0 = Release|Any CPU
		{9FC7DCA9-DF3D-450C-9D22-1DD2BEF90FE8}.Debug|Any CPU.ActiveCfg = Debug|Any CPU
		{9FC7DCA9-DF3D-450C-9D22-1DD2BEF90FE8}.Debug|Any CPU.Build.0 = Debug|Any CPU
		{9FC7DCA9-DF3D-450C-9D22-1DD2BEF90FE8}.Release|Any CPU.ActiveCfg = Release|Any CPU
		{9FC7DCA9-DF3D-450C-9D22-1DD2BEF90FE8}.Release|Any CPU.Build.0 = Release|Any CPU
		{FAB0C9FB-1ADB-4680-9E10-DF22FBD2E262}.Debug|Any CPU.ActiveCfg = Debug|Any CPU
		{FAB0C9FB-1ADB-4680-9E10-DF22FBD2E262}.Debug|Any CPU.Build.0 = Debug|Any CPU
		{FAB0C9FB-1ADB-4680-9E10-DF22FBD2E262}.Release|Any CPU.ActiveCfg = Release|Any CPU
		{FAB0C9FB-1ADB-4680-9E10-DF22FBD2E262}.Release|Any CPU.Build.0 = Release|Any CPU
		{E89C2C5D-8D54-4CEB-B211-2DD967B8469D}.Debug|Any CPU.ActiveCfg = Debug|Any CPU
		{E89C2C5D-8D54-4CEB-B211-2DD967B8469D}.Debug|Any CPU.Build.0 = Debug|Any CPU
		{E89C2C5D-8D54-4CEB-B211-2DD967B8469D}.Release|Any CPU.ActiveCfg = Release|Any CPU
		{E89C2C5D-8D54-4CEB-B211-2DD967B8469D}.Release|Any CPU.Build.0 = Release|Any CPU
		{FC88B93C-9351-4F69-98C5-830CAB79D55B}.Debug|Any CPU.ActiveCfg = Debug|Any CPU
		{FC88B93C-9351-4F69-98C5-830CAB79D55B}.Debug|Any CPU.Build.0 = Debug|Any CPU
		{FC88B93C-9351-4F69-98C5-830CAB79D55B}.Release|Any CPU.ActiveCfg = Release|Any CPU
		{FC88B93C-9351-4F69-98C5-830CAB79D55B}.Release|Any CPU.Build.0 = Release|Any CPU
		{A260972A-20E4-4A77-B2EC-58F6E4EA98E8}.Debug|Any CPU.ActiveCfg = Debug|Any CPU
		{A260972A-20E4-4A77-B2EC-58F6E4EA98E8}.Debug|Any CPU.Build.0 = Debug|Any CPU
		{A260972A-20E4-4A77-B2EC-58F6E4EA98E8}.Release|Any CPU.ActiveCfg = Release|Any CPU
		{A260972A-20E4-4A77-B2EC-58F6E4EA98E8}.Release|Any CPU.Build.0 = Release|Any CPU
		{7F056ADF-5B69-4F78-BBF3-76977EC26761}.Debug|Any CPU.ActiveCfg = Debug|Any CPU
		{7F056ADF-5B69-4F78-BBF3-76977EC26761}.Debug|Any CPU.Build.0 = Debug|Any CPU
		{7F056ADF-5B69-4F78-BBF3-76977EC26761}.Release|Any CPU.ActiveCfg = Release|Any CPU
		{7F056ADF-5B69-4F78-BBF3-76977EC26761}.Release|Any CPU.Build.0 = Release|Any CPU
		{E27A7896-C9A8-4B38-9C3B-4DDCE5D1AE0F}.Debug|Any CPU.ActiveCfg = Debug|Any CPU
		{E27A7896-C9A8-4B38-9C3B-4DDCE5D1AE0F}.Debug|Any CPU.Build.0 = Debug|Any CPU
		{E27A7896-C9A8-4B38-9C3B-4DDCE5D1AE0F}.Release|Any CPU.ActiveCfg = Release|Any CPU
		{E27A7896-C9A8-4B38-9C3B-4DDCE5D1AE0F}.Release|Any CPU.Build.0 = Release|Any CPU
	EndGlobalSection
	GlobalSection(SolutionProperties) = preSolution
		HideSolutionNode = FALSE
	EndGlobalSection
EndGlobal
