
Microsoft Visual Studio Solution File, Format Version 12.00
# Visual Studio 15
VisualStudioVersion = 15.0.26430.12
MinimumVisualStudioVersion = 10.0.40219.1
Project("{FAE04EC0-301F-11D3-BF4B-00C04F79EFBC}") = "p01_TypeBoundaries", "p01_TypeBoundaries\p01_TypeBoundaries.csproj", "{F52C4EB6-E9B1-4CD5-91FE-0ADCC12916F2}"
EndProject
Project("{FAE04EC0-301F-11D3-BF4B-00C04F79EFBC}") = "p02_NumberChecker", "p02_NumberChecker\p02_NumberChecker.csproj", "{94283EA6-E95D-4979-9F8B-056565AF169B}"
EndProject
Project("{FAE04EC0-301F-11D3-BF4B-00C04F79EFBC}") = "p03_WaterOverflow", "p03_WaterOverflow\p03_WaterOverflow.csproj", "{17207359-FC21-4712-ADD0-63004F416D2C}"
EndProject
Project("{FAE04EC0-301F-11D3-BF4B-00C04F79EFBC}") = "p04_TouristInformation", "p04_TouristInformation\p04_TouristInformation.csproj", "{958F3A30-5FF1-481C-BA96-6BCCEE1E2D1B}"
EndProject
Project("{FAE04EC0-301F-11D3-BF4B-00C04F79EFBC}") = "p05_WeatherForecast", "p05_WeatherForecast\p05_WeatherForecast.csproj", "{8AAF1AF5-03DE-4AC1-B2A5-C43C3C42715A}"
EndProject
Project("{FAE04EC0-301F-11D3-BF4B-00C04F79EFBC}") = "p06_CatchTheThief", "p06_CatchTheThief\p06_CatchTheThief.csproj", "{F7AE5670-7820-4B03-81CC-6C38B81C478A}"
EndProject
Project("{FAE04EC0-301F-11D3-BF4B-00C04F79EFBC}") = "p07_SentenceTheThief", "p07_SentenceTheThief\p07_SentenceTheThief.csproj", "{A6272CDF-5426-46B4-A211-F7F82343BD28}"
EndProject
Project("{FAE04EC0-301F-11D3-BF4B-00C04F79EFBC}") = "p08_HouseBuilder", "p08_HouseBuilder\p08_HouseBuilder.csproj", "{03B0CBC3-2024-4677-87B4-FE8DDF4989B3}"
EndProject
Project("{FAE04EC0-301F-11D3-BF4B-00C04F79EFBC}") = "p09_MakeAWord", "p09_MakeAWord\p09_MakeAWord.csproj", "{063DBCA4-9066-4161-A67B-FD4431B93DFC}"
EndProject
Project("{FAE04EC0-301F-11D3-BF4B-00C04F79EFBC}") = "p10_SumOfChars", "p10_SumOfChars\p10_SumOfChars.csproj", "{68777057-DD50-4899-A0F7-29558D52D5B2}"
EndProject
Project("{FAE04EC0-301F-11D3-BF4B-00C04F79EFBC}") = "p11_StringConcatenation", "p11_StringCOncatenation\p11_StringConcatenation.csproj", "{8ABABC0A-0940-4745-9A11-8B073DD13BF0}"
EndProject
Project("{FAE04EC0-301F-11D3-BF4B-00C04F79EFBC}") = "p12_BeerKegs", "p12_BeerKegs\p12_BeerKegs.csproj", "{D7EF87C1-3FF2-4EAF-976B-98BF426E9AF6}"
EndProject
Project("{FAE04EC0-301F-11D3-BF4B-00C04F79EFBC}") = "p13_DecryptingMessages", "p13_DecryptingMessages\p13_DecryptingMessages.csproj", "{6D69A42C-2907-48D6-851E-EF16035EE4B1}"
EndProject
Project("{FAE04EC0-301F-11D3-BF4B-00C04F79EFBC}") = "p14_BoatSimulator", "p14_BoatSimulator\p14_BoatSimulator.csproj", "{2984E8CF-8ABD-4A51-AEB8-E3E12E807431}"
EndProject
Project("{FAE04EC0-301F-11D3-BF4B-00C04F79EFBC}") = "p15_BalancedBrackets", "p15_BalancedBrackets\p15_BalancedBrackets.csproj", "{FFEA2248-8FCC-4B09-99D8-A911FB66ECFB}"
EndProject
Global
	GlobalSection(SolutionConfigurationPlatforms) = preSolution
		Debug|Any CPU = Debug|Any CPU
		Release|Any CPU = Release|Any CPU
	EndGlobalSection
	GlobalSection(ProjectConfigurationPlatforms) = postSolution
		{F52C4EB6-E9B1-4CD5-91FE-0ADCC12916F2}.Debug|Any CPU.ActiveCfg = Debug|Any CPU
		{F52C4EB6-E9B1-4CD5-91FE-0ADCC12916F2}.Debug|Any CPU.Build.0 = Debug|Any CPU
		{F52C4EB6-E9B1-4CD5-91FE-0ADCC12916F2}.Release|Any CPU.ActiveCfg = Release|Any CPU
		{F52C4EB6-E9B1-4CD5-91FE-0ADCC12916F2}.Release|Any CPU.Build.0 = Release|Any CPU
		{94283EA6-E95D-4979-9F8B-056565AF169B}.Debug|Any CPU.ActiveCfg = Debug|Any CPU
		{94283EA6-E95D-4979-9F8B-056565AF169B}.Debug|Any CPU.Build.0 = Debug|Any CPU
		{94283EA6-E95D-4979-9F8B-056565AF169B}.Release|Any CPU.ActiveCfg = Release|Any CPU
		{94283EA6-E95D-4979-9F8B-056565AF169B}.Release|Any CPU.Build.0 = Release|Any CPU
		{17207359-FC21-4712-ADD0-63004F416D2C}.Debug|Any CPU.ActiveCfg = Debug|Any CPU
		{17207359-FC21-4712-ADD0-63004F416D2C}.Debug|Any CPU.Build.0 = Debug|Any CPU
		{17207359-FC21-4712-ADD0-63004F416D2C}.Release|Any CPU.ActiveCfg = Release|Any CPU
		{17207359-FC21-4712-ADD0-63004F416D2C}.Release|Any CPU.Build.0 = Release|Any CPU
		{958F3A30-5FF1-481C-BA96-6BCCEE1E2D1B}.Debug|Any CPU.ActiveCfg = Debug|Any CPU
		{958F3A30-5FF1-481C-BA96-6BCCEE1E2D1B}.Debug|Any CPU.Build.0 = Debug|Any CPU
		{958F3A30-5FF1-481C-BA96-6BCCEE1E2D1B}.Release|Any CPU.ActiveCfg = Release|Any CPU
		{958F3A30-5FF1-481C-BA96-6BCCEE1E2D1B}.Release|Any CPU.Build.0 = Release|Any CPU
		{8AAF1AF5-03DE-4AC1-B2A5-C43C3C42715A}.Debug|Any CPU.ActiveCfg = Debug|Any CPU
		{8AAF1AF5-03DE-4AC1-B2A5-C43C3C42715A}.Debug|Any CPU.Build.0 = Debug|Any CPU
		{8AAF1AF5-03DE-4AC1-B2A5-C43C3C42715A}.Release|Any CPU.ActiveCfg = Release|Any CPU
		{8AAF1AF5-03DE-4AC1-B2A5-C43C3C42715A}.Release|Any CPU.Build.0 = Release|Any CPU
		{F7AE5670-7820-4B03-81CC-6C38B81C478A}.Debug|Any CPU.ActiveCfg = Debug|Any CPU
		{F7AE5670-7820-4B03-81CC-6C38B81C478A}.Debug|Any CPU.Build.0 = Debug|Any CPU
		{F7AE5670-7820-4B03-81CC-6C38B81C478A}.Release|Any CPU.ActiveCfg = Release|Any CPU
		{F7AE5670-7820-4B03-81CC-6C38B81C478A}.Release|Any CPU.Build.0 = Release|Any CPU
		{A6272CDF-5426-46B4-A211-F7F82343BD28}.Debug|Any CPU.ActiveCfg = Debug|Any CPU
		{A6272CDF-5426-46B4-A211-F7F82343BD28}.Debug|Any CPU.Build.0 = Debug|Any CPU
		{A6272CDF-5426-46B4-A211-F7F82343BD28}.Release|Any CPU.ActiveCfg = Release|Any CPU
		{A6272CDF-5426-46B4-A211-F7F82343BD28}.Release|Any CPU.Build.0 = Release|Any CPU
		{03B0CBC3-2024-4677-87B4-FE8DDF4989B3}.Debug|Any CPU.ActiveCfg = Debug|Any CPU
		{03B0CBC3-2024-4677-87B4-FE8DDF4989B3}.Debug|Any CPU.Build.0 = Debug|Any CPU
		{03B0CBC3-2024-4677-87B4-FE8DDF4989B3}.Release|Any CPU.ActiveCfg = Release|Any CPU
		{03B0CBC3-2024-4677-87B4-FE8DDF4989B3}.Release|Any CPU.Build.0 = Release|Any CPU
		{063DBCA4-9066-4161-A67B-FD4431B93DFC}.Debug|Any CPU.ActiveCfg = Debug|Any CPU
		{063DBCA4-9066-4161-A67B-FD4431B93DFC}.Debug|Any CPU.Build.0 = Debug|Any CPU
		{063DBCA4-9066-4161-A67B-FD4431B93DFC}.Release|Any CPU.ActiveCfg = Release|Any CPU
		{063DBCA4-9066-4161-A67B-FD4431B93DFC}.Release|Any CPU.Build.0 = Release|Any CPU
		{68777057-DD50-4899-A0F7-29558D52D5B2}.Debug|Any CPU.ActiveCfg = Debug|Any CPU
		{68777057-DD50-4899-A0F7-29558D52D5B2}.Debug|Any CPU.Build.0 = Debug|Any CPU
		{68777057-DD50-4899-A0F7-29558D52D5B2}.Release|Any CPU.ActiveCfg = Release|Any CPU
		{68777057-DD50-4899-A0F7-29558D52D5B2}.Release|Any CPU.Build.0 = Release|Any CPU
		{8ABABC0A-0940-4745-9A11-8B073DD13BF0}.Debug|Any CPU.ActiveCfg = Debug|Any CPU
		{8ABABC0A-0940-4745-9A11-8B073DD13BF0}.Debug|Any CPU.Build.0 = Debug|Any CPU
		{8ABABC0A-0940-4745-9A11-8B073DD13BF0}.Release|Any CPU.ActiveCfg = Release|Any CPU
		{8ABABC0A-0940-4745-9A11-8B073DD13BF0}.Release|Any CPU.Build.0 = Release|Any CPU
		{D7EF87C1-3FF2-4EAF-976B-98BF426E9AF6}.Debug|Any CPU.ActiveCfg = Debug|Any CPU
		{D7EF87C1-3FF2-4EAF-976B-98BF426E9AF6}.Debug|Any CPU.Build.0 = Debug|Any CPU
		{D7EF87C1-3FF2-4EAF-976B-98BF426E9AF6}.Release|Any CPU.ActiveCfg = Release|Any CPU
		{D7EF87C1-3FF2-4EAF-976B-98BF426E9AF6}.Release|Any CPU.Build.0 = Release|Any CPU
		{6D69A42C-2907-48D6-851E-EF16035EE4B1}.Debug|Any CPU.ActiveCfg = Debug|Any CPU
		{6D69A42C-2907-48D6-851E-EF16035EE4B1}.Debug|Any CPU.Build.0 = Debug|Any CPU
		{6D69A42C-2907-48D6-851E-EF16035EE4B1}.Release|Any CPU.ActiveCfg = Release|Any CPU
		{6D69A42C-2907-48D6-851E-EF16035EE4B1}.Release|Any CPU.Build.0 = Release|Any CPU
		{2984E8CF-8ABD-4A51-AEB8-E3E12E807431}.Debug|Any CPU.ActiveCfg = Debug|Any CPU
		{2984E8CF-8ABD-4A51-AEB8-E3E12E807431}.Debug|Any CPU.Build.0 = Debug|Any CPU
		{2984E8CF-8ABD-4A51-AEB8-E3E12E807431}.Release|Any CPU.ActiveCfg = Release|Any CPU
		{2984E8CF-8ABD-4A51-AEB8-E3E12E807431}.Release|Any CPU.Build.0 = Release|Any CPU
		{FFEA2248-8FCC-4B09-99D8-A911FB66ECFB}.Debug|Any CPU.ActiveCfg = Debug|Any CPU
		{FFEA2248-8FCC-4B09-99D8-A911FB66ECFB}.Debug|Any CPU.Build.0 = Debug|Any CPU
		{FFEA2248-8FCC-4B09-99D8-A911FB66ECFB}.Release|Any CPU.ActiveCfg = Release|Any CPU
		{FFEA2248-8FCC-4B09-99D8-A911FB66ECFB}.Release|Any CPU.Build.0 = Release|Any CPU
	EndGlobalSection
	GlobalSection(SolutionProperties) = preSolution
		HideSolutionNode = FALSE
	EndGlobalSection
EndGlobal
