
Microsoft Visual Studio Solution File, Format Version 12.00
# Visual Studio 15
VisualStudioVersion = 15.0.26430.16
MinimumVisualStudioVersion = 10.0.40219.1
Project("{FAE04EC0-301F-11D3-BF4B-00C04F79EFBC}") = "p01_SoftUniCoffeOrders", "p01_SoftUniCoffeOrders\p01_SoftUniCoffeOrders.csproj", "{E9C6D507-D0A1-4BF5-80F7-39DA20997E99}"
EndProject
Project("{FAE04EC0-301F-11D3-BF4B-00C04F79EFBC}") = "p02_CommandInterpreter", "p02_CommandInterpreter\p02_CommandInterpreter.csproj", "{49E6EC65-C896-4DD3-93AB-501B9062AE44}"
EndProject
Project("{FAE04EC0-301F-11D3-BF4B-00C04F79EFBC}") = "p03_RageQuit", "p03_RageQuit\p03_RageQuit.csproj", "{B21759F8-6D82-4809-9E65-93CE5B916067}"
EndProject
Project("{FAE04EC0-301F-11D3-BF4B-00C04F79EFBC}") = "p04_Files", "p04_Files\p04_Files.csproj", "{91FF7AFC-8560-4AB5-828A-F814ADD35011}"
EndProject
Project("{FAE04EC0-301F-11D3-BF4B-00C04F79EFBC}") = "p00_Demo_Files", "p00_Demo_Files\p00_Demo_Files.csproj", "{60611F57-BB9C-4D75-A618-DA210B5C27E1}"
EndProject
Global
	GlobalSection(SolutionConfigurationPlatforms) = preSolution
		Debug|Any CPU = Debug|Any CPU
		Release|Any CPU = Release|Any CPU
	EndGlobalSection
	GlobalSection(ProjectConfigurationPlatforms) = postSolution
		{E9C6D507-D0A1-4BF5-80F7-39DA20997E99}.Debug|Any CPU.ActiveCfg = Debug|Any CPU
		{E9C6D507-D0A1-4BF5-80F7-39DA20997E99}.Debug|Any CPU.Build.0 = Debug|Any CPU
		{E9C6D507-D0A1-4BF5-80F7-39DA20997E99}.Release|Any CPU.ActiveCfg = Release|Any CPU
		{E9C6D507-D0A1-4BF5-80F7-39DA20997E99}.Release|Any CPU.Build.0 = Release|Any CPU
		{49E6EC65-C896-4DD3-93AB-501B9062AE44}.Debug|Any CPU.ActiveCfg = Debug|Any CPU
		{49E6EC65-C896-4DD3-93AB-501B9062AE44}.Debug|Any CPU.Build.0 = Debug|Any CPU
		{49E6EC65-C896-4DD3-93AB-501B9062AE44}.Release|Any CPU.ActiveCfg = Release|Any CPU
		{49E6EC65-C896-4DD3-93AB-501B9062AE44}.Release|Any CPU.Build.0 = Release|Any CPU
		{B21759F8-6D82-4809-9E65-93CE5B916067}.Debug|Any CPU.ActiveCfg = Debug|Any CPU
		{B21759F8-6D82-4809-9E65-93CE5B916067}.Debug|Any CPU.Build.0 = Debug|Any CPU
		{B21759F8-6D82-4809-9E65-93CE5B916067}.Release|Any CPU.ActiveCfg = Release|Any CPU
		{B21759F8-6D82-4809-9E65-93CE5B916067}.Release|Any CPU.Build.0 = Release|Any CPU
		{91FF7AFC-8560-4AB5-828A-F814ADD35011}.Debug|Any CPU.ActiveCfg = Debug|Any CPU
		{91FF7AFC-8560-4AB5-828A-F814ADD35011}.Debug|Any CPU.Build.0 = Debug|Any CPU
		{91FF7AFC-8560-4AB5-828A-F814ADD35011}.Release|Any CPU.ActiveCfg = Release|Any CPU
		{91FF7AFC-8560-4AB5-828A-F814ADD35011}.Release|Any CPU.Build.0 = Release|Any CPU
		{60611F57-BB9C-4D75-A618-DA210B5C27E1}.Debug|Any CPU.ActiveCfg = Debug|Any CPU
		{60611F57-BB9C-4D75-A618-DA210B5C27E1}.Debug|Any CPU.Build.0 = Debug|Any CPU
		{60611F57-BB9C-4D75-A618-DA210B5C27E1}.Release|Any CPU.ActiveCfg = Release|Any CPU
		{60611F57-BB9C-4D75-A618-DA210B5C27E1}.Release|Any CPU.Build.0 = Release|Any CPU
	EndGlobalSection
	GlobalSection(SolutionProperties) = preSolution
		HideSolutionNode = FALSE
	EndGlobalSection
EndGlobal
